
Microsoft Visual Studio Solution File, Format Version 12.00
Project("{FAE04EC0-301F-11D3-BF4B-00C04F79EFBC}") = "APBD_KOLOKWIUM", "APBD_KOLOKWIUM\APBD_KOLOKWIUM.csproj", "{BE4775BA-DA96-4681-A44A-F3FB875EDDFA}"
EndProject
Global
	GlobalSection(SolutionConfigurationPlatforms) = preSolution
		Debug|Any CPU = Debug|Any CPU
		Release|Any CPU = Release|Any CPU
	EndGlobalSection
	GlobalSection(ProjectConfigurationPlatforms) = postSolution
		{BE4775BA-DA96-4681-A44A-F3FB875EDDFA}.Debug|Any CPU.ActiveCfg = Debug|Any CPU
		{BE4775BA-DA96-4681-A44A-F3FB875EDDFA}.Debug|Any CPU.Build.0 = Debug|Any CPU
		{BE4775BA-DA96-4681-A44A-F3FB875EDDFA}.Release|Any CPU.ActiveCfg = Release|Any CPU
		{BE4775BA-DA96-4681-A44A-F3FB875EDDFA}.Release|Any CPU.Build.0 = Release|Any CPU
	EndGlobalSection
EndGlobal
